// !$*UTF8*$!
{
	archiveVersion = 1;
	classes = {
	};
	objectVersion = 46;
	objects = {

/* Begin PBXBuildFile section */
		0DDAEBCBD69322F1507B351C /* Pods_BaseAppProject_Tests.framework in Frameworks */ = {isa = PBXBuildFile; fileRef = C3361ED49FAC98A583410882 /* Pods_BaseAppProject_Tests.framework */; };
		6003F58E195388D20070C39A /* Foundation.framework in Frameworks */ = {isa = PBXBuildFile; fileRef = 6003F58D195388D20070C39A /* Foundation.framework */; };
		6003F590195388D20070C39A /* CoreGraphics.framework in Frameworks */ = {isa = PBXBuildFile; fileRef = 6003F58F195388D20070C39A /* CoreGraphics.framework */; };
		6003F592195388D20070C39A /* UIKit.framework in Frameworks */ = {isa = PBXBuildFile; fileRef = 6003F591195388D20070C39A /* UIKit.framework */; };
		6003F598195388D20070C39A /* InfoPlist.strings in Resources */ = {isa = PBXBuildFile; fileRef = 6003F596195388D20070C39A /* InfoPlist.strings */; };
		6003F59A195388D20070C39A /* main.m in Sources */ = {isa = PBXBuildFile; fileRef = 6003F599195388D20070C39A /* main.m */; };
		6003F59E195388D20070C39A /* SHAppDelegate.m in Sources */ = {isa = PBXBuildFile; fileRef = 6003F59D195388D20070C39A /* SHAppDelegate.m */; };
		6003F5A7195388D20070C39A /* SHViewController.m in Sources */ = {isa = PBXBuildFile; fileRef = 6003F5A6195388D20070C39A /* SHViewController.m */; };
		6003F5A9195388D20070C39A /* Images.xcassets in Resources */ = {isa = PBXBuildFile; fileRef = 6003F5A8195388D20070C39A /* Images.xcassets */; };
		6003F5B0195388D20070C39A /* XCTest.framework in Frameworks */ = {isa = PBXBuildFile; fileRef = 6003F5AF195388D20070C39A /* XCTest.framework */; };
		6003F5B1195388D20070C39A /* Foundation.framework in Frameworks */ = {isa = PBXBuildFile; fileRef = 6003F58D195388D20070C39A /* Foundation.framework */; };
		6003F5B2195388D20070C39A /* UIKit.framework in Frameworks */ = {isa = PBXBuildFile; fileRef = 6003F591195388D20070C39A /* UIKit.framework */; };
		6003F5BA195388D20070C39A /* InfoPlist.strings in Resources */ = {isa = PBXBuildFile; fileRef = 6003F5B8195388D20070C39A /* InfoPlist.strings */; };
		6003F5BC195388D20070C39A /* Tests.m in Sources */ = {isa = PBXBuildFile; fileRef = 6003F5BB195388D20070C39A /* Tests.m */; };
		71719F9F1E33DC2100824A3D /* LaunchScreen.storyboard in Resources */ = {isa = PBXBuildFile; fileRef = 71719F9D1E33DC2100824A3D /* LaunchScreen.storyboard */; };
		873B8AEB1B1F5CCA007FD442 /* Main.storyboard in Resources */ = {isa = PBXBuildFile; fileRef = 873B8AEA1B1F5CCA007FD442 /* Main.storyboard */; };
		D13CCBD22761B01700CAC46E /* AppStartUpManager.m in Sources */ = {isa = PBXBuildFile; fileRef = D13CCBD02761B01700CAC46E /* AppStartUpManager.m */; };
		D13CCBD62761B02600CAC46E /* AppWindowRootViewManager.m in Sources */ = {isa = PBXBuildFile; fileRef = D13CCBD42761B02600CAC46E /* AppWindowRootViewManager.m */; };
		D13CCBED2761B1A700CAC46E /* LandingViewController.m in Sources */ = {isa = PBXBuildFile; fileRef = D13CCBE62761B1A600CAC46E /* LandingViewController.m */; };
		D13CCBEE2761B1A700CAC46E /* UserLoginManager.m in Sources */ = {isa = PBXBuildFile; fileRef = D13CCBE92761B1A600CAC46E /* UserLoginManager.m */; };
		D13CCC1D2761B1DD00CAC46E /* img_tab_home_2.png in Resources */ = {isa = PBXBuildFile; fileRef = D13CCC0F2761B1DD00CAC46E /* img_tab_home_2.png */; };
		D13CCC1E2761B1DD00CAC46E /* img_tab_home_1.png in Resources */ = {isa = PBXBuildFile; fileRef = D13CCC102761B1DD00CAC46E /* img_tab_home_1.png */; };
		D13CCC1F2761B1DD00CAC46E /* img_tab_home_0.png in Resources */ = {isa = PBXBuildFile; fileRef = D13CCC112761B1DD00CAC46E /* img_tab_home_0.png */; };
		D13CCC202761B1DD00CAC46E /* gray_tabbar_me_animation.json in Resources */ = {isa = PBXBuildFile; fileRef = D13CCC122761B1DD00CAC46E /* gray_tabbar_me_animation.json */; };
		D13CCC212761B1DD00CAC46E /* tab_me_animate.json in Resources */ = {isa = PBXBuildFile; fileRef = D13CCC132761B1DD00CAC46E /* tab_me_animate.json */; };
		D13CCC222761B1DD00CAC46E /* img_tab_message_0.png in Resources */ = {isa = PBXBuildFile; fileRef = D13CCC142761B1DD00CAC46E /* img_tab_message_0.png */; };
		D13CCC232761B1DD00CAC46E /* img_tab_message_1.png in Resources */ = {isa = PBXBuildFile; fileRef = D13CCC152761B1DD00CAC46E /* img_tab_message_1.png */; };
		D13CCC242761B1DD00CAC46E /* tab_home_animate.json in Resources */ = {isa = PBXBuildFile; fileRef = D13CCC162761B1DD00CAC46E /* tab_home_animate.json */; };
		D13CCC252761B1DD00CAC46E /* tab_search_animate.json in Resources */ = {isa = PBXBuildFile; fileRef = D13CCC172761B1DD00CAC46E /* tab_search_animate.json */; };
		D13CCC262761B1DD00CAC46E /* gray_tabbar_home_animation.json in Resources */ = {isa = PBXBuildFile; fileRef = D13CCC182761B1DD00CAC46E /* gray_tabbar_home_animation.json */; };
		D13CCC272761B1DD00CAC46E /* img_tab_me_0.png in Resources */ = {isa = PBXBuildFile; fileRef = D13CCC192761B1DD00CAC46E /* img_tab_me_0.png */; };
		D13CCC282761B1DD00CAC46E /* gray_tabbar_message_animation.json in Resources */ = {isa = PBXBuildFile; fileRef = D13CCC1A2761B1DD00CAC46E /* gray_tabbar_message_animation.json */; };
		D13CCC292761B1DD00CAC46E /* tab_message_animate.json in Resources */ = {isa = PBXBuildFile; fileRef = D13CCC1B2761B1DD00CAC46E /* tab_message_animate.json */; };
		D13CCC2A2761B1DD00CAC46E /* img_tab_me_1.png in Resources */ = {isa = PBXBuildFile; fileRef = D13CCC1C2761B1DD00CAC46E /* img_tab_me_1.png */; };
		D13CCC3D2761B2C500CAC46E /* TabbarController.m in Sources */ = {isa = PBXBuildFile; fileRef = D13CCC352761B2C500CAC46E /* TabbarController.m */; };
		D13CCC3E2761B2C500CAC46E /* CYLPlusButtonSubclass.m in Sources */ = {isa = PBXBuildFile; fileRef = D13CCC392761B2C500CAC46E /* CYLPlusButtonSubclass.m */; };
		D13CCC422761EA7D00CAC46E /* CachesCleanManager.m in Sources */ = {isa = PBXBuildFile; fileRef = D13CCC402761EA7D00CAC46E /* CachesCleanManager.m */; };
		FA40CA5E7F4D8F70E6204440 /* Pods_BaseAppProject_Example.framework in Frameworks */ = {isa = PBXBuildFile; fileRef = 5C82584BDF2A9163F7701ADC /* Pods_BaseAppProject_Example.framework */; };
/* End PBXBuildFile section */

/* Begin PBXContainerItemProxy section */
		6003F5B3195388D20070C39A /* PBXContainerItemProxy */ = {
			isa = PBXContainerItemProxy;
			containerPortal = 6003F582195388D10070C39A /* Project object */;
			proxyType = 1;
			remoteGlobalIDString = 6003F589195388D20070C39A;
			remoteInfo = BaseAppProject;
		};
/* End PBXContainerItemProxy section */

/* Begin PBXFileReference section */
		10B8453ED789B45CCB501BCB /* Pods-BaseAppProject_Example.release.xcconfig */ = {isa = PBXFileReference; includeInIndex = 1; lastKnownFileType = text.xcconfig; name = "Pods-BaseAppProject_Example.release.xcconfig"; path = "Target Support Files/Pods-BaseAppProject_Example/Pods-BaseAppProject_Example.release.xcconfig"; sourceTree = "<group>"; };
		46AB3C6FDEF9A758E1EF9380 /* LICENSE */ = {isa = PBXFileReference; includeInIndex = 1; lastKnownFileType = text; name = LICENSE; path = ../LICENSE; sourceTree = "<group>"; };
		5C82584BDF2A9163F7701ADC /* Pods_BaseAppProject_Example.framework */ = {isa = PBXFileReference; explicitFileType = wrapper.framework; includeInIndex = 0; path = Pods_BaseAppProject_Example.framework; sourceTree = BUILT_PRODUCTS_DIR; };
		6003F58A195388D20070C39A /* BaseAppProject_Example.app */ = {isa = PBXFileReference; explicitFileType = wrapper.application; includeInIndex = 0; path = BaseAppProject_Example.app; sourceTree = BUILT_PRODUCTS_DIR; };
		6003F58D195388D20070C39A /* Foundation.framework */ = {isa = PBXFileReference; lastKnownFileType = wrapper.framework; name = Foundation.framework; path = System/Library/Frameworks/Foundation.framework; sourceTree = SDKROOT; };
		6003F58F195388D20070C39A /* CoreGraphics.framework */ = {isa = PBXFileReference; lastKnownFileType = wrapper.framework; name = CoreGraphics.framework; path = System/Library/Frameworks/CoreGraphics.framework; sourceTree = SDKROOT; };
		6003F591195388D20070C39A /* UIKit.framework */ = {isa = PBXFileReference; lastKnownFileType = wrapper.framework; name = UIKit.framework; path = System/Library/Frameworks/UIKit.framework; sourceTree = SDKROOT; };
		6003F595195388D20070C39A /* BaseAppProject-Info.plist */ = {isa = PBXFileReference; lastKnownFileType = text.plist.xml; path = "BaseAppProject-Info.plist"; sourceTree = "<group>"; };
		6003F597195388D20070C39A /* en */ = {isa = PBXFileReference; lastKnownFileType = text.plist.strings; name = en; path = en.lproj/InfoPlist.strings; sourceTree = "<group>"; };
		6003F599195388D20070C39A /* main.m */ = {isa = PBXFileReference; lastKnownFileType = sourcecode.c.objc; path = main.m; sourceTree = "<group>"; };
		6003F59B195388D20070C39A /* BaseAppProject-Prefix.pch */ = {isa = PBXFileReference; lastKnownFileType = sourcecode.c.h; path = "BaseAppProject-Prefix.pch"; sourceTree = "<group>"; };
		6003F59C195388D20070C39A /* SHAppDelegate.h */ = {isa = PBXFileReference; lastKnownFileType = sourcecode.c.h; path = SHAppDelegate.h; sourceTree = "<group>"; };
		6003F59D195388D20070C39A /* SHAppDelegate.m */ = {isa = PBXFileReference; lastKnownFileType = sourcecode.c.objc; path = SHAppDelegate.m; sourceTree = "<group>"; };
		6003F5A5195388D20070C39A /* SHViewController.h */ = {isa = PBXFileReference; lastKnownFileType = sourcecode.c.h; path = SHViewController.h; sourceTree = "<group>"; };
		6003F5A6195388D20070C39A /* SHViewController.m */ = {isa = PBXFileReference; lastKnownFileType = sourcecode.c.objc; path = SHViewController.m; sourceTree = "<group>"; };
		6003F5A8195388D20070C39A /* Images.xcassets */ = {isa = PBXFileReference; lastKnownFileType = folder.assetcatalog; path = Images.xcassets; sourceTree = "<group>"; };
		6003F5AE195388D20070C39A /* BaseAppProject_Tests.xctest */ = {isa = PBXFileReference; explicitFileType = wrapper.cfbundle; includeInIndex = 0; path = BaseAppProject_Tests.xctest; sourceTree = BUILT_PRODUCTS_DIR; };
		6003F5AF195388D20070C39A /* XCTest.framework */ = {isa = PBXFileReference; lastKnownFileType = wrapper.framework; name = XCTest.framework; path = Library/Frameworks/XCTest.framework; sourceTree = DEVELOPER_DIR; };
		6003F5B7195388D20070C39A /* Tests-Info.plist */ = {isa = PBXFileReference; lastKnownFileType = text.plist.xml; path = "Tests-Info.plist"; sourceTree = "<group>"; };
		6003F5B9195388D20070C39A /* en */ = {isa = PBXFileReference; lastKnownFileType = text.plist.strings; name = en; path = en.lproj/InfoPlist.strings; sourceTree = "<group>"; };
		6003F5BB195388D20070C39A /* Tests.m */ = {isa = PBXFileReference; lastKnownFileType = sourcecode.c.objc; path = Tests.m; sourceTree = "<group>"; };
		606FC2411953D9B200FFA9A0 /* Tests-Prefix.pch */ = {isa = PBXFileReference; lastKnownFileType = sourcecode.c.h; path = "Tests-Prefix.pch"; sourceTree = "<group>"; };
		71719F9E1E33DC2100824A3D /* Base */ = {isa = PBXFileReference; lastKnownFileType = file.storyboard; name = Base; path = Base.lproj/LaunchScreen.storyboard; sourceTree = "<group>"; };
		873B8AEA1B1F5CCA007FD442 /* Main.storyboard */ = {isa = PBXFileReference; fileEncoding = 4; lastKnownFileType = file.storyboard; name = Main.storyboard; path = Base.lproj/Main.storyboard; sourceTree = "<group>"; };
		A4E884B1303B55F0E7D4C2FE /* BaseAppProject.podspec */ = {isa = PBXFileReference; includeInIndex = 1; lastKnownFileType = text; name = BaseAppProject.podspec; path = ../BaseAppProject.podspec; sourceTree = "<group>"; xcLanguageSpecificationIdentifier = xcode.lang.ruby; };
		ADEFFCB204530C120AFA11A5 /* Pods-BaseAppProject_Tests.release.xcconfig */ = {isa = PBXFileReference; includeInIndex = 1; lastKnownFileType = text.xcconfig; name = "Pods-BaseAppProject_Tests.release.xcconfig"; path = "Target Support Files/Pods-BaseAppProject_Tests/Pods-BaseAppProject_Tests.release.xcconfig"; sourceTree = "<group>"; };
		C3361ED49FAC98A583410882 /* Pods_BaseAppProject_Tests.framework */ = {isa = PBXFileReference; explicitFileType = wrapper.framework; includeInIndex = 0; path = Pods_BaseAppProject_Tests.framework; sourceTree = BUILT_PRODUCTS_DIR; };
		D13CCBD02761B01700CAC46E /* AppStartUpManager.m */ = {isa = PBXFileReference; fileEncoding = 4; lastKnownFileType = sourcecode.c.objc; path = AppStartUpManager.m; sourceTree = "<group>"; };
		D13CCBD12761B01700CAC46E /* AppStartUpManager.h */ = {isa = PBXFileReference; fileEncoding = 4; lastKnownFileType = sourcecode.c.h; path = AppStartUpManager.h; sourceTree = "<group>"; };
		D13CCBD42761B02600CAC46E /* AppWindowRootViewManager.m */ = {isa = PBXFileReference; fileEncoding = 4; lastKnownFileType = sourcecode.c.objc; path = AppWindowRootViewManager.m; sourceTree = "<group>"; };
		D13CCBD52761B02600CAC46E /* AppWindowRootViewManager.h */ = {isa = PBXFileReference; fileEncoding = 4; lastKnownFileType = sourcecode.c.h; path = AppWindowRootViewManager.h; sourceTree = "<group>"; };
		D13CCBDB2761B14700CAC46E /* NotificationNameHeader.h */ = {isa = PBXFileReference; fileEncoding = 4; lastKnownFileType = sourcecode.c.h; path = NotificationNameHeader.h; sourceTree = "<group>"; };
		D13CCBDC2761B14700CAC46E /* EnumHeader.h */ = {isa = PBXFileReference; fileEncoding = 4; lastKnownFileType = sourcecode.c.h; path = EnumHeader.h; sourceTree = "<group>"; };
		D13CCBDD2761B14700CAC46E /* LogModuleNameHeader.h */ = {isa = PBXFileReference; fileEncoding = 4; lastKnownFileType = sourcecode.c.h; path = LogModuleNameHeader.h; sourceTree = "<group>"; };
		D13CCBE62761B1A600CAC46E /* LandingViewController.m */ = {isa = PBXFileReference; fileEncoding = 4; lastKnownFileType = sourcecode.c.objc; path = LandingViewController.m; sourceTree = "<group>"; };
		D13CCBE72761B1A600CAC46E /* LandingViewController.h */ = {isa = PBXFileReference; fileEncoding = 4; lastKnownFileType = sourcecode.c.h; path = LandingViewController.h; sourceTree = "<group>"; };
		D13CCBE92761B1A600CAC46E /* UserLoginManager.m */ = {isa = PBXFileReference; fileEncoding = 4; lastKnownFileType = sourcecode.c.objc; path = UserLoginManager.m; sourceTree = "<group>"; };
		D13CCBEA2761B1A600CAC46E /* UserLoginManager.h */ = {isa = PBXFileReference; fileEncoding = 4; lastKnownFileType = sourcecode.c.h; path = UserLoginManager.h; sourceTree = "<group>"; };
		D13CCC0F2761B1DD00CAC46E /* img_tab_home_2.png */ = {isa = PBXFileReference; lastKnownFileType = image.png; path = img_tab_home_2.png; sourceTree = "<group>"; };
		D13CCC102761B1DD00CAC46E /* img_tab_home_1.png */ = {isa = PBXFileReference; lastKnownFileType = image.png; path = img_tab_home_1.png; sourceTree = "<group>"; };
		D13CCC112761B1DD00CAC46E /* img_tab_home_0.png */ = {isa = PBXFileReference; lastKnownFileType = image.png; path = img_tab_home_0.png; sourceTree = "<group>"; };
		D13CCC122761B1DD00CAC46E /* gray_tabbar_me_animation.json */ = {isa = PBXFileReference; fileEncoding = 4; lastKnownFileType = text.json; path = gray_tabbar_me_animation.json; sourceTree = "<group>"; };
		D13CCC132761B1DD00CAC46E /* tab_me_animate.json */ = {isa = PBXFileReference; fileEncoding = 4; lastKnownFileType = text.json; path = tab_me_animate.json; sourceTree = "<group>"; };
		D13CCC142761B1DD00CAC46E /* img_tab_message_0.png */ = {isa = PBXFileReference; lastKnownFileType = image.png; path = img_tab_message_0.png; sourceTree = "<group>"; };
		D13CCC152761B1DD00CAC46E /* img_tab_message_1.png */ = {isa = PBXFileReference; lastKnownFileType = image.png; path = img_tab_message_1.png; sourceTree = "<group>"; };
		D13CCC162761B1DD00CAC46E /* tab_home_animate.json */ = {isa = PBXFileReference; fileEncoding = 4; lastKnownFileType = text.json; path = tab_home_animate.json; sourceTree = "<group>"; };
		D13CCC172761B1DD00CAC46E /* tab_search_animate.json */ = {isa = PBXFileReference; fileEncoding = 4; lastKnownFileType = text.json; path = tab_search_animate.json; sourceTree = "<group>"; };
		D13CCC182761B1DD00CAC46E /* gray_tabbar_home_animation.json */ = {isa = PBXFileReference; fileEncoding = 4; lastKnownFileType = text.json; path = gray_tabbar_home_animation.json; sourceTree = "<group>"; };
		D13CCC192761B1DD00CAC46E /* img_tab_me_0.png */ = {isa = PBXFileReference; lastKnownFileType = image.png; path = img_tab_me_0.png; sourceTree = "<group>"; };
		D13CCC1A2761B1DD00CAC46E /* gray_tabbar_message_animation.json */ = {isa = PBXFileReference; fileEncoding = 4; lastKnownFileType = text.json; path = gray_tabbar_message_animation.json; sourceTree = "<group>"; };
		D13CCC1B2761B1DD00CAC46E /* tab_message_animate.json */ = {isa = PBXFileReference; fileEncoding = 4; lastKnownFileType = text.json; path = tab_message_animate.json; sourceTree = "<group>"; };
		D13CCC1C2761B1DD00CAC46E /* img_tab_me_1.png */ = {isa = PBXFileReference; lastKnownFileType = image.png; path = img_tab_me_1.png; sourceTree = "<group>"; };
		D13CCC352761B2C500CAC46E /* TabbarController.m */ = {isa = PBXFileReference; fileEncoding = 4; lastKnownFileType = sourcecode.c.objc; path = TabbarController.m; sourceTree = "<group>"; };
		D13CCC362761B2C500CAC46E /* TabbarController.h */ = {isa = PBXFileReference; fileEncoding = 4; lastKnownFileType = sourcecode.c.h; path = TabbarController.h; sourceTree = "<group>"; };
		D13CCC382761B2C500CAC46E /* CYLPlusButtonSubclass.h */ = {isa = PBXFileReference; fileEncoding = 4; lastKnownFileType = sourcecode.c.h; path = CYLPlusButtonSubclass.h; sourceTree = "<group>"; };
		D13CCC392761B2C500CAC46E /* CYLPlusButtonSubclass.m */ = {isa = PBXFileReference; fileEncoding = 4; lastKnownFileType = sourcecode.c.objc; path = CYLPlusButtonSubclass.m; sourceTree = "<group>"; };
		D13CCC402761EA7D00CAC46E /* CachesCleanManager.m */ = {isa = PBXFileReference; fileEncoding = 4; lastKnownFileType = sourcecode.c.objc; path = CachesCleanManager.m; sourceTree = "<group>"; };
		D13CCC412761EA7D00CAC46E /* CachesCleanManager.h */ = {isa = PBXFileReference; fileEncoding = 4; lastKnownFileType = sourcecode.c.h; path = CachesCleanManager.h; sourceTree = "<group>"; };
		D3A25C36AA78D2A342794D63 /* README.md */ = {isa = PBXFileReference; includeInIndex = 1; lastKnownFileType = net.daringfireball.markdown; name = README.md; path = ../README.md; sourceTree = "<group>"; };
		DD90D6159C001265F0B1EE9C /* Pods-BaseAppProject_Tests.debug.xcconfig */ = {isa = PBXFileReference; includeInIndex = 1; lastKnownFileType = text.xcconfig; name = "Pods-BaseAppProject_Tests.debug.xcconfig"; path = "Target Support Files/Pods-BaseAppProject_Tests/Pods-BaseAppProject_Tests.debug.xcconfig"; sourceTree = "<group>"; };
		F269D840E38AE651046C5751 /* Pods-BaseAppProject_Example.debug.xcconfig */ = {isa = PBXFileReference; includeInIndex = 1; lastKnownFileType = text.xcconfig; name = "Pods-BaseAppProject_Example.debug.xcconfig"; path = "Target Support Files/Pods-BaseAppProject_Example/Pods-BaseAppProject_Example.debug.xcconfig"; sourceTree = "<group>"; };
/* End PBXFileReference section */

/* Begin PBXFrameworksBuildPhase section */
		6003F587195388D20070C39A /* Frameworks */ = {
			isa = PBXFrameworksBuildPhase;
			buildActionMask = 2147483647;
			files = (
				6003F590195388D20070C39A /* CoreGraphics.framework in Frameworks */,
				6003F592195388D20070C39A /* UIKit.framework in Frameworks */,
				6003F58E195388D20070C39A /* Foundation.framework in Frameworks */,
				FA40CA5E7F4D8F70E6204440 /* Pods_BaseAppProject_Example.framework in Frameworks */,
			);
			runOnlyForDeploymentPostprocessing = 0;
		};
		6003F5AB195388D20070C39A /* Frameworks */ = {
			isa = PBXFrameworksBuildPhase;
			buildActionMask = 2147483647;
			files = (
				6003F5B0195388D20070C39A /* XCTest.framework in Frameworks */,
				6003F5B2195388D20070C39A /* UIKit.framework in Frameworks */,
				6003F5B1195388D20070C39A /* Foundation.framework in Frameworks */,
				0DDAEBCBD69322F1507B351C /* Pods_BaseAppProject_Tests.framework in Frameworks */,
			);
			runOnlyForDeploymentPostprocessing = 0;
		};
/* End PBXFrameworksBuildPhase section */

/* Begin PBXGroup section */
		51494925CD27C27AAD85041E /* Pods */ = {
			isa = PBXGroup;
			children = (
				F269D840E38AE651046C5751 /* Pods-BaseAppProject_Example.debug.xcconfig */,
				10B8453ED789B45CCB501BCB /* Pods-BaseAppProject_Example.release.xcconfig */,
				DD90D6159C001265F0B1EE9C /* Pods-BaseAppProject_Tests.debug.xcconfig */,
				ADEFFCB204530C120AFA11A5 /* Pods-BaseAppProject_Tests.release.xcconfig */,
			);
			path = Pods;
			sourceTree = "<group>";
		};
		6003F581195388D10070C39A = {
			isa = PBXGroup;
			children = (
				60FF7A9C1954A5C5007DD14C /* Podspec Metadata */,
				6003F593195388D20070C39A /* Example for BaseAppProject */,
				6003F5B5195388D20070C39A /* Tests */,
				6003F58C195388D20070C39A /* Frameworks */,
				6003F58B195388D20070C39A /* Products */,
				51494925CD27C27AAD85041E /* Pods */,
			);
			sourceTree = "<group>";
		};
		6003F58B195388D20070C39A /* Products */ = {
			isa = PBXGroup;
			children = (
				6003F58A195388D20070C39A /* BaseAppProject_Example.app */,
				6003F5AE195388D20070C39A /* BaseAppProject_Tests.xctest */,
			);
			name = Products;
			sourceTree = "<group>";
		};
		6003F58C195388D20070C39A /* Frameworks */ = {
			isa = PBXGroup;
			children = (
				6003F58D195388D20070C39A /* Foundation.framework */,
				6003F58F195388D20070C39A /* CoreGraphics.framework */,
				6003F591195388D20070C39A /* UIKit.framework */,
				6003F5AF195388D20070C39A /* XCTest.framework */,
				5C82584BDF2A9163F7701ADC /* Pods_BaseAppProject_Example.framework */,
				C3361ED49FAC98A583410882 /* Pods_BaseAppProject_Tests.framework */,
			);
			name = Frameworks;
			sourceTree = "<group>";
		};
		6003F593195388D20070C39A /* Example for BaseAppProject */ = {
			isa = PBXGroup;
			children = (
				6003F59C195388D20070C39A /* SHAppDelegate.h */,
				6003F59D195388D20070C39A /* SHAppDelegate.m */,
				873B8AEA1B1F5CCA007FD442 /* Main.storyboard */,
				6003F5A5195388D20070C39A /* SHViewController.h */,
				6003F5A6195388D20070C39A /* SHViewController.m */,
				D13CCBDA2761B14700CAC46E /* Header */,
				D13CCBCD2761AC3300CAC46E /* BaseModule */,
				D13CCBCC2761AC3300CAC46E /* Module */,
				D13CCC0D2761B1DD00CAC46E /* Resources */,
				71719F9D1E33DC2100824A3D /* LaunchScreen.storyboard */,
				6003F5A8195388D20070C39A /* Images.xcassets */,
				6003F594195388D20070C39A /* Supporting Files */,
			);
			name = "Example for BaseAppProject";
			path = BaseAppProject;
			sourceTree = "<group>";
		};
		6003F594195388D20070C39A /* Supporting Files */ = {
			isa = PBXGroup;
			children = (
				6003F595195388D20070C39A /* BaseAppProject-Info.plist */,
				6003F596195388D20070C39A /* InfoPlist.strings */,
				6003F599195388D20070C39A /* main.m */,
				6003F59B195388D20070C39A /* BaseAppProject-Prefix.pch */,
			);
			name = "Supporting Files";
			sourceTree = "<group>";
		};
		6003F5B5195388D20070C39A /* Tests */ = {
			isa = PBXGroup;
			children = (
				6003F5BB195388D20070C39A /* Tests.m */,
				6003F5B6195388D20070C39A /* Supporting Files */,
			);
			path = Tests;
			sourceTree = "<group>";
		};
		6003F5B6195388D20070C39A /* Supporting Files */ = {
			isa = PBXGroup;
			children = (
				6003F5B7195388D20070C39A /* Tests-Info.plist */,
				6003F5B8195388D20070C39A /* InfoPlist.strings */,
				606FC2411953D9B200FFA9A0 /* Tests-Prefix.pch */,
			);
			name = "Supporting Files";
			sourceTree = "<group>";
		};
		60FF7A9C1954A5C5007DD14C /* Podspec Metadata */ = {
			isa = PBXGroup;
			children = (
				A4E884B1303B55F0E7D4C2FE /* BaseAppProject.podspec */,
				D3A25C36AA78D2A342794D63 /* README.md */,
				46AB3C6FDEF9A758E1EF9380 /* LICENSE */,
			);
			name = "Podspec Metadata";
			sourceTree = "<group>";
		};
		D13CCBCC2761AC3300CAC46E /* Module */ = {
			isa = PBXGroup;
			children = (
				D13CCBE32761B1A600CAC46E /* LoginModule */,
				D13CCBDE2761B1A600CAC46E /* MainModule */,
			);
			path = Module;
			sourceTree = "<group>";
		};
		D13CCBCD2761AC3300CAC46E /* BaseModule */ = {
			isa = PBXGroup;
			children = (
				D13CCC2B2761B2C500CAC46E /* UI */,
				D13CCBCE2761AC9700CAC46E /* Manager */,
			);
			path = BaseModule;
			sourceTree = "<group>";
		};
		D13CCBCE2761AC9700CAC46E /* Manager */ = {
			isa = PBXGroup;
			children = (
				D13CCC3F2761EA7D00CAC46E /* CacheClean */,
				D13CCBCF2761B01700CAC46E /* AppStartUp */,
				D13CCBD32761B02600CAC46E /* WindowRootView */,
			);
			path = Manager;
			sourceTree = "<group>";
		};
		D13CCBCF2761B01700CAC46E /* AppStartUp */ = {
			isa = PBXGroup;
			children = (
				D13CCBD02761B01700CAC46E /* AppStartUpManager.m */,
				D13CCBD12761B01700CAC46E /* AppStartUpManager.h */,
			);
			path = AppStartUp;
			sourceTree = "<group>";
		};
		D13CCBD32761B02600CAC46E /* WindowRootView */ = {
			isa = PBXGroup;
			children = (
				D13CCBD52761B02600CAC46E /* AppWindowRootViewManager.h */,
				D13CCBD42761B02600CAC46E /* AppWindowRootViewManager.m */,
			);
			path = WindowRootView;
			sourceTree = "<group>";
		};
		D13CCBDA2761B14700CAC46E /* Header */ = {
			isa = PBXGroup;
			children = (
				D13CCBDB2761B14700CAC46E /* NotificationNameHeader.h */,
				D13CCBDC2761B14700CAC46E /* EnumHeader.h */,
				D13CCBDD2761B14700CAC46E /* LogModuleNameHeader.h */,
			);
			path = Header;
			sourceTree = "<group>";
		};
		D13CCBDE2761B1A600CAC46E /* MainModule */ = {
			isa = PBXGroup;
			children = (
				D13CCBDF2761B1A600CAC46E /* Presenter */,
				D13CCBE02761B1A600CAC46E /* Controller */,
				D13CCBE12761B1A600CAC46E /* Model */,
				D13CCBE22761B1A600CAC46E /* View */,
			);
			path = MainModule;
			sourceTree = "<group>";
		};
		D13CCBDF2761B1A600CAC46E /* Presenter */ = {
			isa = PBXGroup;
			children = (
			);
			path = Presenter;
			sourceTree = "<group>";
		};
		D13CCBE02761B1A600CAC46E /* Controller */ = {
			isa = PBXGroup;
			children = (
			);
			path = Controller;
			sourceTree = "<group>";
		};
		D13CCBE12761B1A600CAC46E /* Model */ = {
			isa = PBXGroup;
			children = (
			);
			path = Model;
			sourceTree = "<group>";
		};
		D13CCBE22761B1A600CAC46E /* View */ = {
			isa = PBXGroup;
			children = (
			);
			path = View;
			sourceTree = "<group>";
		};
		D13CCBE32761B1A600CAC46E /* LoginModule */ = {
			isa = PBXGroup;
			children = (
				D13CCBE42761B1A600CAC46E /* Presenter */,
				D13CCBE52761B1A600CAC46E /* Controller */,
				D13CCBE82761B1A600CAC46E /* Manager */,
				D13CCBEB2761B1A600CAC46E /* Model */,
				D13CCBEC2761B1A600CAC46E /* View */,
			);
			path = LoginModule;
			sourceTree = "<group>";
		};
		D13CCBE42761B1A600CAC46E /* Presenter */ = {
			isa = PBXGroup;
			children = (
			);
			path = Presenter;
			sourceTree = "<group>";
		};
		D13CCBE52761B1A600CAC46E /* Controller */ = {
			isa = PBXGroup;
			children = (
				D13CCBE62761B1A600CAC46E /* LandingViewController.m */,
				D13CCBE72761B1A600CAC46E /* LandingViewController.h */,
			);
			path = Controller;
			sourceTree = "<group>";
		};
		D13CCBE82761B1A600CAC46E /* Manager */ = {
			isa = PBXGroup;
			children = (
				D13CCBE92761B1A600CAC46E /* UserLoginManager.m */,
				D13CCBEA2761B1A600CAC46E /* UserLoginManager.h */,
			);
			path = Manager;
			sourceTree = "<group>";
		};
		D13CCBEB2761B1A600CAC46E /* Model */ = {
			isa = PBXGroup;
			children = (
			);
			path = Model;
			sourceTree = "<group>";
		};
		D13CCBEC2761B1A600CAC46E /* View */ = {
			isa = PBXGroup;
			children = (
			);
			path = View;
			sourceTree = "<group>";
		};
		D13CCC0D2761B1DD00CAC46E /* Resources */ = {
			isa = PBXGroup;
			children = (
				D13CCC0E2761B1DD00CAC46E /* LottieResources */,
			);
			path = Resources;
			sourceTree = "<group>";
		};
		D13CCC0E2761B1DD00CAC46E /* LottieResources */ = {
			isa = PBXGroup;
			children = (
				D13CCC0F2761B1DD00CAC46E /* img_tab_home_2.png */,
				D13CCC102761B1DD00CAC46E /* img_tab_home_1.png */,
				D13CCC112761B1DD00CAC46E /* img_tab_home_0.png */,
				D13CCC122761B1DD00CAC46E /* gray_tabbar_me_animation.json */,
				D13CCC132761B1DD00CAC46E /* tab_me_animate.json */,
				D13CCC142761B1DD00CAC46E /* img_tab_message_0.png */,
				D13CCC152761B1DD00CAC46E /* img_tab_message_1.png */,
				D13CCC162761B1DD00CAC46E /* tab_home_animate.json */,
				D13CCC172761B1DD00CAC46E /* tab_search_animate.json */,
				D13CCC182761B1DD00CAC46E /* gray_tabbar_home_animation.json */,
				D13CCC192761B1DD00CAC46E /* img_tab_me_0.png */,
				D13CCC1A2761B1DD00CAC46E /* gray_tabbar_message_animation.json */,
				D13CCC1B2761B1DD00CAC46E /* tab_message_animate.json */,
				D13CCC1C2761B1DD00CAC46E /* img_tab_me_1.png */,
			);
			path = LottieResources;
			sourceTree = "<group>";
		};
		D13CCC2B2761B2C500CAC46E /* UI */ = {
			isa = PBXGroup;
			children = (
				D13CCC342761B2C500CAC46E /* BaseTabbarController */,
			);
			path = UI;
			sourceTree = "<group>";
		};
		D13CCC342761B2C500CAC46E /* BaseTabbarController */ = {
			isa = PBXGroup;
			children = (
				D13CCC352761B2C500CAC46E /* TabbarController.m */,
				D13CCC362761B2C500CAC46E /* TabbarController.h */,
				D13CCC372761B2C500CAC46E /* View */,
			);
			path = BaseTabbarController;
			sourceTree = "<group>";
		};
		D13CCC372761B2C500CAC46E /* View */ = {
			isa = PBXGroup;
			children = (
				D13CCC382761B2C500CAC46E /* CYLPlusButtonSubclass.h */,
				D13CCC392761B2C500CAC46E /* CYLPlusButtonSubclass.m */,
			);
			path = View;
			sourceTree = "<group>";
		};
		D13CCC3F2761EA7D00CAC46E /* CacheClean */ = {
			isa = PBXGroup;
			children = (
				D13CCC412761EA7D00CAC46E /* CachesCleanManager.h */,
				D13CCC402761EA7D00CAC46E /* CachesCleanManager.m */,
			);
			path = CacheClean;
			sourceTree = "<group>";
		};
/* End PBXGroup section */

/* Begin PBXNativeTarget section */
		6003F589195388D20070C39A /* BaseAppProject_Example */ = {
			isa = PBXNativeTarget;
			buildConfigurationList = 6003F5BF195388D20070C39A /* Build configuration list for PBXNativeTarget "BaseAppProject_Example" */;
			buildPhases = (
				CBABFBFC912B87DBFDB71AD2 /* [CP] Check Pods Manifest.lock */,
				6003F586195388D20070C39A /* Sources */,
				6003F587195388D20070C39A /* Frameworks */,
				6003F588195388D20070C39A /* Resources */,
				743B26672C00F717C0D0F515 /* [CP] Embed Pods Frameworks */,
			);
			buildRules = (
			);
			dependencies = (
			);
			name = BaseAppProject_Example;
			productName = BaseAppProject;
			productReference = 6003F58A195388D20070C39A /* BaseAppProject_Example.app */;
			productType = "com.apple.product-type.application";
		};
		6003F5AD195388D20070C39A /* BaseAppProject_Tests */ = {
			isa = PBXNativeTarget;
			buildConfigurationList = 6003F5C2195388D20070C39A /* Build configuration list for PBXNativeTarget "BaseAppProject_Tests" */;
			buildPhases = (
				E05E5EAA865E98911969CDCA /* [CP] Check Pods Manifest.lock */,
				6003F5AA195388D20070C39A /* Sources */,
				6003F5AB195388D20070C39A /* Frameworks */,
				6003F5AC195388D20070C39A /* Resources */,
				6AF3F0A916C5A6F539F2938C /* [CP] Embed Pods Frameworks */,
			);
			buildRules = (
			);
			dependencies = (
				6003F5B4195388D20070C39A /* PBXTargetDependency */,
			);
			name = BaseAppProject_Tests;
			productName = BaseAppProjectTests;
			productReference = 6003F5AE195388D20070C39A /* BaseAppProject_Tests.xctest */;
			productType = "com.apple.product-type.bundle.unit-test";
		};
/* End PBXNativeTarget section */

/* Begin PBXProject section */
		6003F582195388D10070C39A /* Project object */ = {
			isa = PBXProject;
			attributes = {
				CLASSPREFIX = SH;
				LastUpgradeCheck = 0720;
				ORGANIZATIONNAME = thb87happy;
				TargetAttributes = {
					6003F5AD195388D20070C39A = {
						TestTargetID = 6003F589195388D20070C39A;
					};
				};
			};
			buildConfigurationList = 6003F585195388D10070C39A /* Build configuration list for PBXProject "BaseAppProject" */;
			compatibilityVersion = "Xcode 3.2";
			developmentRegion = English;
			hasScannedForEncodings = 0;
			knownRegions = (
				English,
				en,
				Base,
			);
			mainGroup = 6003F581195388D10070C39A;
			productRefGroup = 6003F58B195388D20070C39A /* Products */;
			projectDirPath = "";
			projectRoot = "";
			targets = (
				6003F589195388D20070C39A /* BaseAppProject_Example */,
				6003F5AD195388D20070C39A /* BaseAppProject_Tests */,
			);
		};
/* End PBXProject section */

/* Begin PBXResourcesBuildPhase section */
		6003F588195388D20070C39A /* Resources */ = {
			isa = PBXResourcesBuildPhase;
			buildActionMask = 2147483647;
			files = (
				D13CCC242761B1DD00CAC46E /* tab_home_animate.json in Resources */,
				D13CCC292761B1DD00CAC46E /* tab_message_animate.json in Resources */,
				D13CCC252761B1DD00CAC46E /* tab_search_animate.json in Resources */,
				873B8AEB1B1F5CCA007FD442 /* Main.storyboard in Resources */,
				D13CCC202761B1DD00CAC46E /* gray_tabbar_me_animation.json in Resources */,
				D13CCC272761B1DD00CAC46E /* img_tab_me_0.png in Resources */,
				D13CCC1F2761B1DD00CAC46E /* img_tab_home_0.png in Resources */,
				71719F9F1E33DC2100824A3D /* LaunchScreen.storyboard in Resources */,
				D13CCC1D2761B1DD00CAC46E /* img_tab_home_2.png in Resources */,
				6003F5A9195388D20070C39A /* Images.xcassets in Resources */,
				D13CCC262761B1DD00CAC46E /* gray_tabbar_home_animation.json in Resources */,
				D13CCC2A2761B1DD00CAC46E /* img_tab_me_1.png in Resources */,
				D13CCC1E2761B1DD00CAC46E /* img_tab_home_1.png in Resources */,
				D13CCC212761B1DD00CAC46E /* tab_me_animate.json in Resources */,
				6003F598195388D20070C39A /* InfoPlist.strings in Resources */,
				D13CCC282761B1DD00CAC46E /* gray_tabbar_message_animation.json in Resources */,
				D13CCC222761B1DD00CAC46E /* img_tab_message_0.png in Resources */,
				D13CCC232761B1DD00CAC46E /* img_tab_message_1.png in Resources */,
			);
			runOnlyForDeploymentPostprocessing = 0;
		};
		6003F5AC195388D20070C39A /* Resources */ = {
			isa = PBXResourcesBuildPhase;
			buildActionMask = 2147483647;
			files = (
				6003F5BA195388D20070C39A /* InfoPlist.strings in Resources */,
			);
			runOnlyForDeploymentPostprocessing = 0;
		};
/* End PBXResourcesBuildPhase section */

/* Begin PBXShellScriptBuildPhase section */
		6AF3F0A916C5A6F539F2938C /* [CP] Embed Pods Frameworks */ = {
			isa = PBXShellScriptBuildPhase;
			buildActionMask = 2147483647;
			files = (
			);
			inputPaths = (
				"${PODS_ROOT}/Target Support Files/Pods-BaseAppProject_Tests/Pods-BaseAppProject_Tests-frameworks.sh",
				"${BUILT_PRODUCTS_DIR}/FBSnapshotTestCase/FBSnapshotTestCase.framework",
			);
			name = "[CP] Embed Pods Frameworks";
			outputPaths = (
				"${TARGET_BUILD_DIR}/${FRAMEWORKS_FOLDER_PATH}/FBSnapshotTestCase.framework",
			);
			runOnlyForDeploymentPostprocessing = 0;
			shellPath = /bin/sh;
			shellScript = "\"${PODS_ROOT}/Target Support Files/Pods-BaseAppProject_Tests/Pods-BaseAppProject_Tests-frameworks.sh\"\n";
			showEnvVarsInLog = 0;
		};
		743B26672C00F717C0D0F515 /* [CP] Embed Pods Frameworks */ = {
			isa = PBXShellScriptBuildPhase;
			buildActionMask = 2147483647;
			files = (
			);
			inputPaths = (
				"${PODS_ROOT}/Target Support Files/Pods-BaseAppProject_Example/Pods-BaseAppProject_Example-frameworks.sh",
				"${BUILT_PRODUCTS_DIR}/AFNetworking/AFNetworking.framework",
				"${BUILT_PRODUCTS_DIR}/BaseAppProject/BaseAppProject.framework",
				"${BUILT_PRODUCTS_DIR}/CYLTabBarController/CYLTabBarController.framework",
				"${BUILT_PRODUCTS_DIR}/FLAnimatedImage/FLAnimatedImage.framework",
				"${BUILT_PRODUCTS_DIR}/IQKeyboardManager/IQKeyboardManager.framework",
				"${BUILT_PRODUCTS_DIR}/MBProgressHUD/MBProgressHUD.framework",
				"${BUILT_PRODUCTS_DIR}/MJRefresh/MJRefresh.framework",
				"${BUILT_PRODUCTS_DIR}/Masonry/Masonry.framework",
				"${BUILT_PRODUCTS_DIR}/QMUIKit/QMUIKit.framework",
				"${BUILT_PRODUCTS_DIR}/SDCycleScrollView/SDCycleScrollView.framework",
				"${BUILT_PRODUCTS_DIR}/SDWebImage/SDWebImage.framework",
				"${BUILT_PRODUCTS_DIR}/SSZipArchive/SSZipArchive.framework",
				"${BUILT_PRODUCTS_DIR}/TTTAttributedLabel/TTTAttributedLabel.framework",
				"${BUILT_PRODUCTS_DIR}/UICKeyChainStore/UICKeyChainStore.framework",
				"${BUILT_PRODUCTS_DIR}/XHLaunchAd/XHLaunchAd.framework",
				"${BUILT_PRODUCTS_DIR}/YTKNetwork/YTKNetwork.framework",
				"${BUILT_PRODUCTS_DIR}/YYKit/YYKit.framework",
			);
			name = "[CP] Embed Pods Frameworks";
			outputPaths = (
				"${TARGET_BUILD_DIR}/${FRAMEWORKS_FOLDER_PATH}/AFNetworking.framework",
				"${TARGET_BUILD_DIR}/${FRAMEWORKS_FOLDER_PATH}/BaseAppProject.framework",
				"${TARGET_BUILD_DIR}/${FRAMEWORKS_FOLDER_PATH}/CYLTabBarController.framework",
				"${TARGET_BUILD_DIR}/${FRAMEWORKS_FOLDER_PATH}/FLAnimatedImage.framework",
				"${TARGET_BUILD_DIR}/${FRAMEWORKS_FOLDER_PATH}/IQKeyboardManager.framework",
				"${TARGET_BUILD_DIR}/${FRAMEWORKS_FOLDER_PATH}/MBProgressHUD.framework",
				"${TARGET_BUILD_DIR}/${FRAMEWORKS_FOLDER_PATH}/MJRefresh.framework",
				"${TARGET_BUILD_DIR}/${FRAMEWORKS_FOLDER_PATH}/Masonry.framework",
				"${TARGET_BUILD_DIR}/${FRAMEWORKS_FOLDER_PATH}/QMUIKit.framework",
				"${TARGET_BUILD_DIR}/${FRAMEWORKS_FOLDER_PATH}/SDCycleScrollView.framework",
				"${TARGET_BUILD_DIR}/${FRAMEWORKS_FOLDER_PATH}/SDWebImage.framework",
				"${TARGET_BUILD_DIR}/${FRAMEWORKS_FOLDER_PATH}/SSZipArchive.framework",
				"${TARGET_BUILD_DIR}/${FRAMEWORKS_FOLDER_PATH}/TTTAttributedLabel.framework",
				"${TARGET_BUILD_DIR}/${FRAMEWORKS_FOLDER_PATH}/UICKeyChainStore.framework",
				"${TARGET_BUILD_DIR}/${FRAMEWORKS_FOLDER_PATH}/XHLaunchAd.framework",
				"${TARGET_BUILD_DIR}/${FRAMEWORKS_FOLDER_PATH}/YTKNetwork.framework",
				"${TARGET_BUILD_DIR}/${FRAMEWORKS_FOLDER_PATH}/YYKit.framework",
			);
			runOnlyForDeploymentPostprocessing = 0;
			shellPath = /bin/sh;
			shellScript = "\"${PODS_ROOT}/Target Support Files/Pods-BaseAppProject_Example/Pods-BaseAppProject_Example-frameworks.sh\"\n";
			showEnvVarsInLog = 0;
		};
		CBABFBFC912B87DBFDB71AD2 /* [CP] Check Pods Manifest.lock */ = {
			isa = PBXShellScriptBuildPhase;
			buildActionMask = 2147483647;
			files = (
			);
			inputFileListPaths = (
			);
			inputPaths = (
				"${PODS_PODFILE_DIR_PATH}/Podfile.lock",
				"${PODS_ROOT}/Manifest.lock",
			);
			name = "[CP] Check Pods Manifest.lock";
			outputFileListPaths = (
			);
			outputPaths = (
				"$(DERIVED_FILE_DIR)/Pods-BaseAppProject_Example-checkManifestLockResult.txt",
			);
			runOnlyForDeploymentPostprocessing = 0;
			shellPath = /bin/sh;
			shellScript = "diff \"${PODS_PODFILE_DIR_PATH}/Podfile.lock\" \"${PODS_ROOT}/Manifest.lock\" > /dev/null\nif [ $? != 0 ] ; then\n    # print error to STDERR\n    echo \"error: The sandbox is not in sync with the Podfile.lock. Run 'pod install' or update your CocoaPods installation.\" >&2\n    exit 1\nfi\n# This output is used by Xcode 'outputs' to avoid re-running this script phase.\necho \"SUCCESS\" > \"${SCRIPT_OUTPUT_FILE_0}\"\n";
			showEnvVarsInLog = 0;
		};
		E05E5EAA865E98911969CDCA /* [CP] Check Pods Manifest.lock */ = {
			isa = PBXShellScriptBuildPhase;
			buildActionMask = 2147483647;
			files = (
			);
			inputFileListPaths = (
			);
			inputPaths = (
				"${PODS_PODFILE_DIR_PATH}/Podfile.lock",
				"${PODS_ROOT}/Manifest.lock",
			);
			name = "[CP] Check Pods Manifest.lock";
			outputFileListPaths = (
			);
			outputPaths = (
				"$(DERIVED_FILE_DIR)/Pods-BaseAppProject_Tests-checkManifestLockResult.txt",
			);
			runOnlyForDeploymentPostprocessing = 0;
			shellPath = /bin/sh;
			shellScript = "diff \"${PODS_PODFILE_DIR_PATH}/Podfile.lock\" \"${PODS_ROOT}/Manifest.lock\" > /dev/null\nif [ $? != 0 ] ; then\n    # print error to STDERR\n    echo \"error: The sandbox is not in sync with the Podfile.lock. Run 'pod install' or update your CocoaPods installation.\" >&2\n    exit 1\nfi\n# This output is used by Xcode 'outputs' to avoid re-running this script phase.\necho \"SUCCESS\" > \"${SCRIPT_OUTPUT_FILE_0}\"\n";
			showEnvVarsInLog = 0;
		};
/* End PBXShellScriptBuildPhase section */

/* Begin PBXSourcesBuildPhase section */
		6003F586195388D20070C39A /* Sources */ = {
			isa = PBXSourcesBuildPhase;
			buildActionMask = 2147483647;
			files = (
				6003F59E195388D20070C39A /* SHAppDelegate.m in Sources */,
				D13CCC3D2761B2C500CAC46E /* TabbarController.m in Sources */,
				D13CCC422761EA7D00CAC46E /* CachesCleanManager.m in Sources */,
				D13CCBD22761B01700CAC46E /* AppStartUpManager.m in Sources */,
				D13CCBEE2761B1A700CAC46E /* UserLoginManager.m in Sources */,
				D13CCC3E2761B2C500CAC46E /* CYLPlusButtonSubclass.m in Sources */,
				6003F5A7195388D20070C39A /* SHViewController.m in Sources */,
				D13CCBD62761B02600CAC46E /* AppWindowRootViewManager.m in Sources */,
				D13CCBED2761B1A700CAC46E /* LandingViewController.m in Sources */,
				6003F59A195388D20070C39A /* main.m in Sources */,
			);
			runOnlyForDeploymentPostprocessing = 0;
		};
		6003F5AA195388D20070C39A /* Sources */ = {
			isa = PBXSourcesBuildPhase;
			buildActionMask = 2147483647;
			files = (
				6003F5BC195388D20070C39A /* Tests.m in Sources */,
			);
			runOnlyForDeploymentPostprocessing = 0;
		};
/* End PBXSourcesBuildPhase section */

/* Begin PBXTargetDependency section */
		6003F5B4195388D20070C39A /* PBXTargetDependency */ = {
			isa = PBXTargetDependency;
			target = 6003F589195388D20070C39A /* BaseAppProject_Example */;
			targetProxy = 6003F5B3195388D20070C39A /* PBXContainerItemProxy */;
		};
/* End PBXTargetDependency section */

/* Begin PBXVariantGroup section */
		6003F596195388D20070C39A /* InfoPlist.strings */ = {
			isa = PBXVariantGroup;
			children = (
				6003F597195388D20070C39A /* en */,
			);
			name = InfoPlist.strings;
			sourceTree = "<group>";
		};
		6003F5B8195388D20070C39A /* InfoPlist.strings */ = {
			isa = PBXVariantGroup;
			children = (
				6003F5B9195388D20070C39A /* en */,
			);
			name = InfoPlist.strings;
			sourceTree = "<group>";
		};
		71719F9D1E33DC2100824A3D /* LaunchScreen.storyboard */ = {
			isa = PBXVariantGroup;
			children = (
				71719F9E1E33DC2100824A3D /* Base */,
			);
			name = LaunchScreen.storyboard;
			sourceTree = "<group>";
		};
/* End PBXVariantGroup section */

/* Begin XCBuildConfiguration section */
		6003F5BD195388D20070C39A /* Debug */ = {
			isa = XCBuildConfiguration;
			buildSettings = {
				ALWAYS_SEARCH_USER_PATHS = NO;
				CLANG_CXX_LANGUAGE_STANDARD = "gnu++0x";
				CLANG_CXX_LIBRARY = "libc++";
				CLANG_ENABLE_MODULES = YES;
				CLANG_ENABLE_OBJC_ARC = YES;
				CLANG_WARN_BOOL_CONVERSION = YES;
				CLANG_WARN_CONSTANT_CONVERSION = YES;
				CLANG_WARN_DIRECT_OBJC_ISA_USAGE = YES_ERROR;
				CLANG_WARN_EMPTY_BODY = YES;
				CLANG_WARN_ENUM_CONVERSION = YES;
				CLANG_WARN_INT_CONVERSION = YES;
				CLANG_WARN_OBJC_ROOT_CLASS = YES_ERROR;
				CLANG_WARN__DUPLICATE_METHOD_MATCH = YES;
				"CODE_SIGN_IDENTITY[sdk=iphoneos*]" = "iPhone Developer";
				COPY_PHASE_STRIP = NO;
				ENABLE_TESTABILITY = YES;
				GCC_C_LANGUAGE_STANDARD = gnu99;
				GCC_DYNAMIC_NO_PIC = NO;
				GCC_OPTIMIZATION_LEVEL = 0;
				GCC_PREPROCESSOR_DEFINITIONS = (
					"DEBUG=1",
					"$(inherited)",
				);
				GCC_SYMBOLS_PRIVATE_EXTERN = NO;
				GCC_WARN_64_TO_32_BIT_CONVERSION = YES;
				GCC_WARN_ABOUT_RETURN_TYPE = YES_ERROR;
				GCC_WARN_UNDECLARED_SELECTOR = YES;
				GCC_WARN_UNINITIALIZED_AUTOS = YES_AGGRESSIVE;
				GCC_WARN_UNUSED_FUNCTION = YES;
				GCC_WARN_UNUSED_VARIABLE = YES;
				IPHONEOS_DEPLOYMENT_TARGET = 9.0;
				ONLY_ACTIVE_ARCH = YES;
				SDKROOT = iphoneos;
				TARGETED_DEVICE_FAMILY = "1,2";
			};
			name = Debug;
		};
		6003F5BE195388D20070C39A /* Release */ = {
			isa = XCBuildConfiguration;
			buildSettings = {
				ALWAYS_SEARCH_USER_PATHS = NO;
				CLANG_CXX_LANGUAGE_STANDARD = "gnu++0x";
				CLANG_CXX_LIBRARY = "libc++";
				CLANG_ENABLE_MODULES = YES;
				CLANG_ENABLE_OBJC_ARC = YES;
				CLANG_WARN_BOOL_CONVERSION = YES;
				CLANG_WARN_CONSTANT_CONVERSION = YES;
				CLANG_WARN_DIRECT_OBJC_ISA_USAGE = YES_ERROR;
				CLANG_WARN_EMPTY_BODY = YES;
				CLANG_WARN_ENUM_CONVERSION = YES;
				CLANG_WARN_INT_CONVERSION = YES;
				CLANG_WARN_OBJC_ROOT_CLASS = YES_ERROR;
				CLANG_WARN__DUPLICATE_METHOD_MATCH = YES;
				"CODE_SIGN_IDENTITY[sdk=iphoneos*]" = "iPhone Developer";
				COPY_PHASE_STRIP = YES;
				ENABLE_NS_ASSERTIONS = NO;
				GCC_C_LANGUAGE_STANDARD = gnu99;
				GCC_WARN_64_TO_32_BIT_CONVERSION = YES;
				GCC_WARN_ABOUT_RETURN_TYPE = YES_ERROR;
				GCC_WARN_UNDECLARED_SELECTOR = YES;
				GCC_WARN_UNINITIALIZED_AUTOS = YES_AGGRESSIVE;
				GCC_WARN_UNUSED_FUNCTION = YES;
				GCC_WARN_UNUSED_VARIABLE = YES;
				IPHONEOS_DEPLOYMENT_TARGET = 9.0;
				SDKROOT = iphoneos;
				TARGETED_DEVICE_FAMILY = "1,2";
				VALIDATE_PRODUCT = YES;
			};
			name = Release;
		};
		6003F5C0195388D20070C39A /* Debug */ = {
			isa = XCBuildConfiguration;
			baseConfigurationReference = F269D840E38AE651046C5751 /* Pods-BaseAppProject_Example.debug.xcconfig */;
			buildSettings = {
				ASSETCATALOG_COMPILER_APPICON_NAME = AppIcon;
				GCC_PRECOMPILE_PREFIX_HEADER = YES;
				GCC_PREFIX_HEADER = "$(SRCROOT)/BaseAppProject/BaseAppProject-prefix.pch";
				INFOPLIST_FILE = "BaseAppProject/BaseAppProject-Info.plist";
				MODULE_NAME = ExampleApp;
				PRODUCT_BUNDLE_IDENTIFIER = "org.cocoapods.demo.${PRODUCT_NAME:rfc1034identifier}";
				PRODUCT_NAME = "$(TARGET_NAME)";
				SWIFT_VERSION = 4.0;
				TARGETED_DEVICE_FAMILY = 1;
				WRAPPER_EXTENSION = app;
			};
			name = Debug;
		};
		6003F5C1195388D20070C39A /* Release */ = {
			isa = XCBuildConfiguration;
			baseConfigurationReference = 10B8453ED789B45CCB501BCB /* Pods-BaseAppProject_Example.release.xcconfig */;
			buildSettings = {
				ASSETCATALOG_COMPILER_APPICON_NAME = AppIcon;
				GCC_PRECOMPILE_PREFIX_HEADER = YES;
				GCC_PREFIX_HEADER = "$(SRCROOT)/BaseAppProject/BaseAppProject-prefix.pch";
				INFOPLIST_FILE = "BaseAppProject/BaseAppProject-Info.plist";
				MODULE_NAME = ExampleApp;
				PRODUCT_BUNDLE_IDENTIFIER = "org.cocoapods.demo.${PRODUCT_NAME:rfc1034identifier}";
				PRODUCT_NAME = "$(TARGET_NAME)";
				SWIFT_VERSION = 4.0;
				TARGETED_DEVICE_FAMILY = 1;
				WRAPPER_EXTENSION = app;
			};
			name = Release;
		};
		6003F5C3195388D20070C39A /* Debug */ = {
			isa = XCBuildConfiguration;
			baseConfigurationReference = DD90D6159C001265F0B1EE9C /* Pods-BaseAppProject_Tests.debug.xcconfig */;
			buildSettings = {
				BUNDLE_LOADER = "$(TEST_HOST)";
				FRAMEWORK_SEARCH_PATHS = (
					"$(PLATFORM_DIR)/Developer/Library/Frameworks",
					"$(inherited)",
					"$(DEVELOPER_FRAMEWORKS_DIR)",
				);
				GCC_PRECOMPILE_PREFIX_HEADER = YES;
				GCC_PREFIX_HEADER = "Tests/Tests-Prefix.pch";
				GCC_PREPROCESSOR_DEFINITIONS = (
					"DEBUG=1",
					"$(inherited)",
				);
				INFOPLIST_FILE = "Tests/Tests-Info.plist";
				PRODUCT_BUNDLE_IDENTIFIER = "org.cocoapods.demo.${PRODUCT_NAME:rfc1034identifier}";
				PRODUCT_NAME = "$(TARGET_NAME)";
				SWIFT_VERSION = 4.0;
				TEST_HOST = "$(BUILT_PRODUCTS_DIR)/BaseAppProject_Example.app/BaseAppProject_Example";
				WRAPPER_EXTENSION = xctest;
			};
			name = Debug;
		};
		6003F5C4195388D20070C39A /* Release */ = {
			isa = XCBuildConfiguration;
			baseConfigurationReference = ADEFFCB204530C120AFA11A5 /* Pods-BaseAppProject_Tests.release.xcconfig */;
			buildSettings = {
				BUNDLE_LOADER = "$(TEST_HOST)";
				FRAMEWORK_SEARCH_PATHS = (
					"$(PLATFORM_DIR)/Developer/Library/Frameworks",
					"$(inherited)",
					"$(DEVELOPER_FRAMEWORKS_DIR)",
				);
				GCC_PRECOMPILE_PREFIX_HEADER = YES;
				GCC_PREFIX_HEADER = "Tests/Tests-Prefix.pch";
				INFOPLIST_FILE = "Tests/Tests-Info.plist";
				PRODUCT_BUNDLE_IDENTIFIER = "org.cocoapods.demo.${PRODUCT_NAME:rfc1034identifier}";
				PRODUCT_NAME = "$(TARGET_NAME)";
				SWIFT_VERSION = 4.0;
				TEST_HOST = "$(BUILT_PRODUCTS_DIR)/BaseAppProject_Example.app/BaseAppProject_Example";
				WRAPPER_EXTENSION = xctest;
			};
			name = Release;
		};
/* End XCBuildConfiguration section */

/* Begin XCConfigurationList section */
		6003F585195388D10070C39A /* Build configuration list for PBXProject "BaseAppProject" */ = {
			isa = XCConfigurationList;
			buildConfigurations = (
				6003F5BD195388D20070C39A /* Debug */,
				6003F5BE195388D20070C39A /* Release */,
			);
			defaultConfigurationIsVisible = 0;
			defaultConfigurationName = Release;
		};
		6003F5BF195388D20070C39A /* Build configuration list for PBXNativeTarget "BaseAppProject_Example" */ = {
			isa = XCConfigurationList;
			buildConfigurations = (
				6003F5C0195388D20070C39A /* Debug */,
				6003F5C1195388D20070C39A /* Release */,
			);
			defaultConfigurationIsVisible = 0;
			defaultConfigurationName = Release;
		};
		6003F5C2195388D20070C39A /* Build configuration list for PBXNativeTarget "BaseAppProject_Tests" */ = {
			isa = XCConfigurationList;
			buildConfigurations = (
				6003F5C3195388D20070C39A /* Debug */,
				6003F5C4195388D20070C39A /* Release */,
			);
			defaultConfigurationIsVisible = 0;
			defaultConfigurationName = Release;
		};
/* End XCConfigurationList section */
	};
	rootObject = 6003F582195388D10070C39A /* Project object */;
}
